
Microsoft Visual Studio Solution File, Format Version 12.00
# Visual Studio Express 2012 for Windows Desktop
Project("{FAE04EC0-301F-11D3-BF4B-00C04F79EFBC}") = "ConsoleApplication3", "ConsoleApplication3\ConsoleApplication3.csproj", "{CCFEB00B-E5AC-4A59-9798-7CC223446C3C}"
EndProject
Project("{FAE04EC0-301F-11D3-BF4B-00C04F79EFBC}") = "Expression", "Expression\Expression.csproj", "{97779AAC-7CFD-483B-9992-97C5D767FE9D}"
EndProject
Project("{FAE04EC0-301F-11D3-BF4B-00C04F79EFBC}") = "Expression.Test", "Expression.Test\Expression.Test.csproj", "{95065624-9B0A-4E11-96F5-88196E556A2B}"
EndProject
Project("{FAE04EC0-301F-11D3-BF4B-00C04F79EFBC}") = "Calculator", "Calculator\Calculator.csproj", "{5A10C0D0-D5D2-42B1-8E87-632F03DA5FEA}"
EndProject
Global
	GlobalSection(SolutionConfigurationPlatforms) = preSolution
		Debug|Any CPU = Debug|Any CPU
		Release|Any CPU = Release|Any CPU
	EndGlobalSection
	GlobalSection(ProjectConfigurationPlatforms) = postSolution
		{CCFEB00B-E5AC-4A59-9798-7CC223446C3C}.Debug|Any CPU.ActiveCfg = Debug|Any CPU
		{CCFEB00B-E5AC-4A59-9798-7CC223446C3C}.Debug|Any CPU.Build.0 = Debug|Any CPU
		{CCFEB00B-E5AC-4A59-9798-7CC223446C3C}.Release|Any CPU.ActiveCfg = Release|Any CPU
		{CCFEB00B-E5AC-4A59-9798-7CC223446C3C}.Release|Any CPU.Build.0 = Release|Any CPU
		{97779AAC-7CFD-483B-9992-97C5D767FE9D}.Debug|Any CPU.ActiveCfg = Debug|Any CPU
		{97779AAC-7CFD-483B-9992-97C5D767FE9D}.Debug|Any CPU.Build.0 = Debug|Any CPU
		{97779AAC-7CFD-483B-9992-97C5D767FE9D}.Release|Any CPU.ActiveCfg = Release|Any CPU
		{97779AAC-7CFD-483B-9992-97C5D767FE9D}.Release|Any CPU.Build.0 = Release|Any CPU
		{95065624-9B0A-4E11-96F5-88196E556A2B}.Debug|Any CPU.ActiveCfg = Debug|Any CPU
		{95065624-9B0A-4E11-96F5-88196E556A2B}.Debug|Any CPU.Build.0 = Debug|Any CPU
		{95065624-9B0A-4E11-96F5-88196E556A2B}.Release|Any CPU.ActiveCfg = Release|Any CPU
		{95065624-9B0A-4E11-96F5-88196E556A2B}.Release|Any CPU.Build.0 = Release|Any CPU
		{5A10C0D0-D5D2-42B1-8E87-632F03DA5FEA}.Debug|Any CPU.ActiveCfg = Debug|Any CPU
		{5A10C0D0-D5D2-42B1-8E87-632F03DA5FEA}.Debug|Any CPU.Build.0 = Debug|Any CPU
		{5A10C0D0-D5D2-42B1-8E87-632F03DA5FEA}.Release|Any CPU.ActiveCfg = Release|Any CPU
		{5A10C0D0-D5D2-42B1-8E87-632F03DA5FEA}.Release|Any CPU.Build.0 = Release|Any CPU
	EndGlobalSection
	GlobalSection(SolutionProperties) = preSolution
		HideSolutionNode = FALSE
	EndGlobalSection
EndGlobal
